
Microsoft Visual Studio Solution File, Format Version 12.00
# Visual Studio Version 17
VisualStudioVersion = 17.0.31903.59
MinimumVisualStudioVersion = 10.0.40219.1
Project("{FAE04EC0-301F-11D3-BF4B-00C04F79EFBC}") = "ETL.API", "ETL.API\ETL.API.csproj", "{064AACC7-1CEB-43A8-AEEB-34BDFD5CA751}"
EndProject
Project("{FAE04EC0-301F-11D3-BF4B-00C04F79EFBC}") = "ETL.WorkerService", "ETL.WorkerService\ETL.WorkerService.csproj", "{75445D1C-1A13-4130-A1AD-E276FA2490C0}"
EndProject
Project("{FAE04EC0-301F-11D3-BF4B-00C04F79EFBC}") = "ETL.Domain", "ETL.Domain\ETL.Domain.csproj", "{EF90703A-BFCF-4901-BBFF-0C67D7543F7F}"
EndProject
Project("{FAE04EC0-301F-11D3-BF4B-00C04F79EFBC}") = "ETL.Application", "ETL.Application\ETL.Application.csproj", "{FCFFD873-7B72-4CBE-B32C-3FFCBF3989D1}"
EndProject
Project("{FAE04EC0-301F-11D3-BF4B-00C04F79EFBC}") = "ETL.Infrastructure", "ETL.Infrastructure\ETL.Infrastructure.csproj", "{08298AC9-8205-4800-8121-469EF175E2D1}"
EndProject
Project("{FAE04EC0-301F-11D3-BF4B-00C04F79EFBC}") = "ETL.Persistence", "ETL.Persistence\ETL.Persistence.csproj", "{457A407A-936C-47A9-B851-E72F0CBE9091}"
EndProject
Project("{FAE04EC0-301F-11D3-BF4B-00C04F79EFBC}") = "ETL.Shared", "ETL.Shared\ETL.Shared.csproj", "{B9E8DC05-C4E0-4469-8995-4A24C861F255}"
EndProject
Project("{FAE04EC0-301F-11D3-BF4B-00C04F79EFBC}") = "ETL.Jobs", "ETL.Jobs\ETL.Jobs.csproj", "{CE0C2C28-6958-4871-BDAF-9AE1726F03AA}"
EndProject
Global
	GlobalSection(SolutionConfigurationPlatforms) = preSolution
		Debug|Any CPU = Debug|Any CPU
		Debug|x64 = Debug|x64
		Debug|x86 = Debug|x86
		Release|Any CPU = Release|Any CPU
		Release|x64 = Release|x64
		Release|x86 = Release|x86
	EndGlobalSection
	GlobalSection(ProjectConfigurationPlatforms) = postSolution
		{064AACC7-1CEB-43A8-AEEB-34BDFD5CA751}.Debug|Any CPU.ActiveCfg = Debug|Any CPU
		{064AACC7-1CEB-43A8-AEEB-34BDFD5CA751}.Debug|Any CPU.Build.0 = Debug|Any CPU
		{064AACC7-1CEB-43A8-AEEB-34BDFD5CA751}.Debug|x64.ActiveCfg = Debug|Any CPU
		{064AACC7-1CEB-43A8-AEEB-34BDFD5CA751}.Debug|x64.Build.0 = Debug|Any CPU
		{064AACC7-1CEB-43A8-AEEB-34BDFD5CA751}.Debug|x86.ActiveCfg = Debug|Any CPU
		{064AACC7-1CEB-43A8-AEEB-34BDFD5CA751}.Debug|x86.Build.0 = Debug|Any CPU
		{064AACC7-1CEB-43A8-AEEB-34BDFD5CA751}.Release|Any CPU.ActiveCfg = Release|Any CPU
		{064AACC7-1CEB-43A8-AEEB-34BDFD5CA751}.Release|Any CPU.Build.0 = Release|Any CPU
		{064AACC7-1CEB-43A8-AEEB-34BDFD5CA751}.Release|x64.ActiveCfg = Release|Any CPU
		{064AACC7-1CEB-43A8-AEEB-34BDFD5CA751}.Release|x64.Build.0 = Release|Any CPU
		{064AACC7-1CEB-43A8-AEEB-34BDFD5CA751}.Release|x86.ActiveCfg = Release|Any CPU
		{064AACC7-1CEB-43A8-AEEB-34BDFD5CA751}.Release|x86.Build.0 = Release|Any CPU
		{75445D1C-1A13-4130-A1AD-E276FA2490C0}.Debug|Any CPU.ActiveCfg = Debug|Any CPU
		{75445D1C-1A13-4130-A1AD-E276FA2490C0}.Debug|Any CPU.Build.0 = Debug|Any CPU
		{75445D1C-1A13-4130-A1AD-E276FA2490C0}.Debug|x64.ActiveCfg = Debug|Any CPU
		{75445D1C-1A13-4130-A1AD-E276FA2490C0}.Debug|x64.Build.0 = Debug|Any CPU
		{75445D1C-1A13-4130-A1AD-E276FA2490C0}.Debug|x86.ActiveCfg = Debug|Any CPU
		{75445D1C-1A13-4130-A1AD-E276FA2490C0}.Debug|x86.Build.0 = Debug|Any CPU
		{75445D1C-1A13-4130-A1AD-E276FA2490C0}.Release|Any CPU.ActiveCfg = Release|Any CPU
		{75445D1C-1A13-4130-A1AD-E276FA2490C0}.Release|Any CPU.Build.0 = Release|Any CPU
		{75445D1C-1A13-4130-A1AD-E276FA2490C0}.Release|x64.ActiveCfg = Release|Any CPU
		{75445D1C-1A13-4130-A1AD-E276FA2490C0}.Release|x64.Build.0 = Release|Any CPU
		{75445D1C-1A13-4130-A1AD-E276FA2490C0}.Release|x86.ActiveCfg = Release|Any CPU
		{75445D1C-1A13-4130-A1AD-E276FA2490C0}.Release|x86.Build.0 = Release|Any CPU
		{EF90703A-BFCF-4901-BBFF-0C67D7543F7F}.Debug|Any CPU.ActiveCfg = Debug|Any CPU
		{EF90703A-BFCF-4901-BBFF-0C67D7543F7F}.Debug|Any CPU.Build.0 = Debug|Any CPU
		{EF90703A-BFCF-4901-BBFF-0C67D7543F7F}.Debug|x64.ActiveCfg = Debug|Any CPU
		{EF90703A-BFCF-4901-BBFF-0C67D7543F7F}.Debug|x64.Build.0 = Debug|Any CPU
		{EF90703A-BFCF-4901-BBFF-0C67D7543F7F}.Debug|x86.ActiveCfg = Debug|Any CPU
		{EF90703A-BFCF-4901-BBFF-0C67D7543F7F}.Debug|x86.Build.0 = Debug|Any CPU
		{EF90703A-BFCF-4901-BBFF-0C67D7543F7F}.Release|Any CPU.ActiveCfg = Release|Any CPU
		{EF90703A-BFCF-4901-BBFF-0C67D7543F7F}.Release|Any CPU.Build.0 = Release|Any CPU
		{EF90703A-BFCF-4901-BBFF-0C67D7543F7F}.Release|x64.ActiveCfg = Release|Any CPU
		{EF90703A-BFCF-4901-BBFF-0C67D7543F7F}.Release|x64.Build.0 = Release|Any CPU
		{EF90703A-BFCF-4901-BBFF-0C67D7543F7F}.Release|x86.ActiveCfg = Release|Any CPU
		{EF90703A-BFCF-4901-BBFF-0C67D7543F7F}.Release|x86.Build.0 = Release|Any CPU
		{FCFFD873-7B72-4CBE-B32C-3FFCBF3989D1}.Debug|Any CPU.ActiveCfg = Debug|Any CPU
		{FCFFD873-7B72-4CBE-B32C-3FFCBF3989D1}.Debug|Any CPU.Build.0 = Debug|Any CPU
		{FCFFD873-7B72-4CBE-B32C-3FFCBF3989D1}.Debug|x64.ActiveCfg = Debug|Any CPU
		{FCFFD873-7B72-4CBE-B32C-3FFCBF3989D1}.Debug|x64.Build.0 = Debug|Any CPU
		{FCFFD873-7B72-4CBE-B32C-3FFCBF3989D1}.Debug|x86.ActiveCfg = Debug|Any CPU
		{FCFFD873-7B72-4CBE-B32C-3FFCBF3989D1}.Debug|x86.Build.0 = Debug|Any CPU
		{FCFFD873-7B72-4CBE-B32C-3FFCBF3989D1}.Release|Any CPU.ActiveCfg = Release|Any CPU
		{FCFFD873-7B72-4CBE-B32C-3FFCBF3989D1}.Release|Any CPU.Build.0 = Release|Any CPU
		{FCFFD873-7B72-4CBE-B32C-3FFCBF3989D1}.Release|x64.ActiveCfg = Release|Any CPU
		{FCFFD873-7B72-4CBE-B32C-3FFCBF3989D1}.Release|x64.Build.0 = Release|Any CPU
		{FCFFD873-7B72-4CBE-B32C-3FFCBF3989D1}.Release|x86.ActiveCfg = Release|Any CPU
		{FCFFD873-7B72-4CBE-B32C-3FFCBF3989D1}.Release|x86.Build.0 = Release|Any CPU
		{08298AC9-8205-4800-8121-469EF175E2D1}.Debug|Any CPU.ActiveCfg = Debug|Any CPU
		{08298AC9-8205-4800-8121-469EF175E2D1}.Debug|Any CPU.Build.0 = Debug|Any CPU
		{08298AC9-8205-4800-8121-469EF175E2D1}.Debug|x64.ActiveCfg = Debug|Any CPU
		{08298AC9-8205-4800-8121-469EF175E2D1}.Debug|x64.Build.0 = Debug|Any CPU
		{08298AC9-8205-4800-8121-469EF175E2D1}.Debug|x86.ActiveCfg = Debug|Any CPU
		{08298AC9-8205-4800-8121-469EF175E2D1}.Debug|x86.Build.0 = Debug|Any CPU
		{08298AC9-8205-4800-8121-469EF175E2D1}.Release|Any CPU.ActiveCfg = Release|Any CPU
		{08298AC9-8205-4800-8121-469EF175E2D1}.Release|Any CPU.Build.0 = Release|Any CPU
		{08298AC9-8205-4800-8121-469EF175E2D1}.Release|x64.ActiveCfg = Release|Any CPU
		{08298AC9-8205-4800-8121-469EF175E2D1}.Release|x64.Build.0 = Release|Any CPU
		{08298AC9-8205-4800-8121-469EF175E2D1}.Release|x86.ActiveCfg = Release|Any CPU
		{08298AC9-8205-4800-8121-469EF175E2D1}.Release|x86.Build.0 = Release|Any CPU
		{457A407A-936C-47A9-B851-E72F0CBE9091}.Debug|Any CPU.ActiveCfg = Debug|Any CPU
		{457A407A-936C-47A9-B851-E72F0CBE9091}.Debug|Any CPU.Build.0 = Debug|Any CPU
		{457A407A-936C-47A9-B851-E72F0CBE9091}.Debug|x64.ActiveCfg = Debug|Any CPU
		{457A407A-936C-47A9-B851-E72F0CBE9091}.Debug|x64.Build.0 = Debug|Any CPU
		{457A407A-936C-47A9-B851-E72F0CBE9091}.Debug|x86.ActiveCfg = Debug|Any CPU
		{457A407A-936C-47A9-B851-E72F0CBE9091}.Debug|x86.Build.0 = Debug|Any CPU
		{457A407A-936C-47A9-B851-E72F0CBE9091}.Release|Any CPU.ActiveCfg = Release|Any CPU
		{457A407A-936C-47A9-B851-E72F0CBE9091}.Release|Any CPU.Build.0 = Release|Any CPU
		{457A407A-936C-47A9-B851-E72F0CBE9091}.Release|x64.ActiveCfg = Release|Any CPU
		{457A407A-936C-47A9-B851-E72F0CBE9091}.Release|x64.Build.0 = Release|Any CPU
		{457A407A-936C-47A9-B851-E72F0CBE9091}.Release|x86.ActiveCfg = Release|Any CPU
		{457A407A-936C-47A9-B851-E72F0CBE9091}.Release|x86.Build.0 = Release|Any CPU
		{B9E8DC05-C4E0-4469-8995-4A24C861F255}.Debug|Any CPU.ActiveCfg = Debug|Any CPU
		{B9E8DC05-C4E0-4469-8995-4A24C861F255}.Debug|Any CPU.Build.0 = Debug|Any CPU
		{B9E8DC05-C4E0-4469-8995-4A24C861F255}.Debug|x64.ActiveCfg = Debug|Any CPU
		{B9E8DC05-C4E0-4469-8995-4A24C861F255}.Debug|x64.Build.0 = Debug|Any CPU
		{B9E8DC05-C4E0-4469-8995-4A24C861F255}.Debug|x86.ActiveCfg = Debug|Any CPU
		{B9E8DC05-C4E0-4469-8995-4A24C861F255}.Debug|x86.Build.0 = Debug|Any CPU
		{B9E8DC05-C4E0-4469-8995-4A24C861F255}.Release|Any CPU.ActiveCfg = Release|Any CPU
		{B9E8DC05-C4E0-4469-8995-4A24C861F255}.Release|Any CPU.Build.0 = Release|Any CPU
		{B9E8DC05-C4E0-4469-8995-4A24C861F255}.Release|x64.ActiveCfg = Release|Any CPU
		{B9E8DC05-C4E0-4469-8995-4A24C861F255}.Release|x64.Build.0 = Release|Any CPU
		{B9E8DC05-C4E0-4469-8995-4A24C861F255}.Release|x86.ActiveCfg = Release|Any CPU
		{B9E8DC05-C4E0-4469-8995-4A24C861F255}.Release|x86.Build.0 = Release|Any CPU
		{CE0C2C28-6958-4871-BDAF-9AE1726F03AA}.Debug|Any CPU.ActiveCfg = Debug|Any CPU
		{CE0C2C28-6958-4871-BDAF-9AE1726F03AA}.Debug|Any CPU.Build.0 = Debug|Any CPU
		{CE0C2C28-6958-4871-BDAF-9AE1726F03AA}.Debug|x64.ActiveCfg = Debug|Any CPU
		{CE0C2C28-6958-4871-BDAF-9AE1726F03AA}.Debug|x64.Build.0 = Debug|Any CPU
		{CE0C2C28-6958-4871-BDAF-9AE1726F03AA}.Debug|x86.ActiveCfg = Debug|Any CPU
		{CE0C2C28-6958-4871-BDAF-9AE1726F03AA}.Debug|x86.Build.0 = Debug|Any CPU
		{CE0C2C28-6958-4871-BDAF-9AE1726F03AA}.Release|Any CPU.ActiveCfg = Release|Any CPU
		{CE0C2C28-6958-4871-BDAF-9AE1726F03AA}.Release|Any CPU.Build.0 = Release|Any CPU
		{CE0C2C28-6958-4871-BDAF-9AE1726F03AA}.Release|x64.ActiveCfg = Release|Any CPU
		{CE0C2C28-6958-4871-BDAF-9AE1726F03AA}.Release|x64.Build.0 = Release|Any CPU
		{CE0C2C28-6958-4871-BDAF-9AE1726F03AA}.Release|x86.ActiveCfg = Release|Any CPU
		{CE0C2C28-6958-4871-BDAF-9AE1726F03AA}.Release|x86.Build.0 = Release|Any CPU
	EndGlobalSection
	GlobalSection(SolutionProperties) = preSolution
		HideSolutionNode = FALSE
	EndGlobalSection
EndGlobal
